{
  "name": "CAMtools_CAMapp",
  "lockfileVersion": 2,
  "requires": true,
  "packages": {
    "": {
      "dependencies": {
        "sys": "^0.0.1"
      }
    },
    "node_modules/sys": {
      "version": "0.0.1",
      "resolved": "https://registry.npmjs.org/sys/-/sys-0.0.1.tgz",
      "integrity": "sha512-rjs6ZpjDmpZHbtDyt+oJhu9QVYiD6VZaUCGN5N1iZ07s2XJqI27QUzwNhBL9gfqPQxDR9h+Es9A7T2w5edklDw=="
    }
  },
  "dependencies": {
    "sys": {
      "version": "0.0.1",
      "resolved": "https://registry.npmjs.org/sys/-/sys-0.0.1.tgz",
      "integrity": "sha512-rjs6ZpjDmpZHbtDyt+oJhu9QVYiD6VZaUCGN5N1iZ07s2XJqI27QUzwNhBL9gfqPQxDR9h+Es9A7T2w5edklDw=="
    }
  }
}
